
Microsoft Visual Studio Solution File, Format Version 12.00
# Visual Studio 15
VisualStudioVersion = 15.0.28010.2026
MinimumVisualStudioVersion = 10.0.40219.1
Project("{8BC9CEB8-8B4A-11D0-8D11-00A0C91BC942}") = "imgui_demo", "imgui_demo.vcxproj", "{CDA13C56-4424-497A-9B73-EDD5C42DD829}"
EndProject
Global
	GlobalSection(SolutionConfigurationPlatforms) = preSolution
		Debug|x64 = Debug|x64
		Debug|x86 = Debug|x86
		Release|x64 = Release|x64
		Release|x86 = Release|x86
	EndGlobalSection
	GlobalSection(ProjectConfigurationPlatforms) = postSolution
		{CDA13C56-4424-497A-9B73-EDD5C42DD829}.Debug|x64.ActiveCfg = Debug|x64
		{CDA13C56-4424-497A-9B73-EDD5C42DD829}.Debug|x64.Build.0 = Debug|x64
		{CDA13C56-4424-497A-9B73-EDD5C42DD829}.Debug|x86.ActiveCfg = Debug|Win32
		{CDA13C56-4424-497A-9B73-EDD5C42DD829}.Debug|x86.Build.0 = Debug|Win32
		{CDA13C56-4424-497A-9B73-EDD5C42DD829}.Release|x64.ActiveCfg = Release|x64
		{CDA13C56-4424-497A-9B73-EDD5C42DD829}.Release|x64.Build.0 = Release|x64
		{CDA13C56-4424-497A-9B73-EDD5C42DD829}.Release|x86.ActiveCfg = Release|Win32
		{CDA13C56-4424-497A-9B73-EDD5C42DD829}.Release|x86.Build.0 = Release|Win32
	EndGlobalSection
	GlobalSection(SolutionProperties) = preSolution
		HideSolutionNode = FALSE
	EndGlobalSection
	GlobalSection(ExtensibilityGlobals) = postSolution
		SolutionGuid = {D50B5FF2-7EFD-46E7-86EF-D8D151C010BA}
	EndGlobalSection
EndGlobal
